
Microsoft Visual Studio Solution File, Format Version 12.00
# Visual Studio Version 16
VisualStudioVersion = 16.0.29409.12
MinimumVisualStudioVersion = 10.0.40219.1
Project("{FAE04EC0-301F-11D3-BF4B-00C04F79EFBC}") = "taska_3", "taska_3\taska_3.csproj", "{F1DFA09E-BB7E-4BDA-A0E9-664B1DBF1A6D}"
EndProject
Global
	GlobalSection(SolutionConfigurationPlatforms) = preSolution
		Debug|Any CPU = Debug|Any CPU
		Release|Any CPU = Release|Any CPU
	EndGlobalSection
	GlobalSection(ProjectConfigurationPlatforms) = postSolution
		{F1DFA09E-BB7E-4BDA-A0E9-664B1DBF1A6D}.Debug|Any CPU.ActiveCfg = Debug|Any CPU
		{F1DFA09E-BB7E-4BDA-A0E9-664B1DBF1A6D}.Debug|Any CPU.Build.0 = Debug|Any CPU
		{F1DFA09E-BB7E-4BDA-A0E9-664B1DBF1A6D}.Release|Any CPU.ActiveCfg = Release|Any CPU
		{F1DFA09E-BB7E-4BDA-A0E9-664B1DBF1A6D}.Release|Any CPU.Build.0 = Release|Any CPU
	EndGlobalSection
	GlobalSection(SolutionProperties) = preSolution
		HideSolutionNode = FALSE
	EndGlobalSection
	GlobalSection(ExtensibilityGlobals) = postSolution
		SolutionGuid = {F5C35238-F194-4242-9DE3-BB3BA6E792A6}
	EndGlobalSection
EndGlobal
